
Microsoft Visual Studio Solution File, Format Version 12.00
# Visual Studio Version 18
VisualStudioVersion = 18.6.11822.322 stable
MinimumVisualStudioVersion = 10.0.40219.1
Project("{888888A0-9F3D-457C-B088-3A5042F75D52}") = "rooms-data", "rooms-data.pyproj", "{D4251D77-962A-48C5-BBE3-9572189163FF}"
EndProject
Global
	GlobalSection(SolutionConfigurationPlatforms) = preSolution
		Debug|Any CPU = Debug|Any CPU
		Release|Any CPU = Release|Any CPU
	EndGlobalSection
	GlobalSection(ProjectConfigurationPlatforms) = postSolution
		{D4251D77-962A-48C5-BBE3-9572189163FF}.Debug|Any CPU.ActiveCfg = Debug|Any CPU
		{D4251D77-962A-48C5-BBE3-9572189163FF}.Release|Any CPU.ActiveCfg = Release|Any CPU
	EndGlobalSection
	GlobalSection(SolutionProperties) = preSolution
		HideSolutionNode = FALSE
	EndGlobalSection
	GlobalSection(ExtensibilityGlobals) = postSolution
		SolutionGuid = {BAF0FF48-9781-482D-A4A6-5D548397B8A4}
	EndGlobalSection
EndGlobal
